%{"cowboy": {:git, "git://github.com/extend/cowboy.git", "23eb3f8e9addfbc4217e4046ef867c5ec99582b1", []},
  "cowlib": {:git, "git://github.com/extend/cowlib.git", "f58340a0044856bb508df03cfe94cf79308380a2", [ref: "0.6.1"]},
  "jsex": {:git, "git://github.com/talentdeficit/jsex.git", "3837aba229a47d959d7826f2f49b001cc911883d", []},
  "jsx": {:git, "git://github.com/talentdeficit/jsx.git", "4f63503aa2f92dc824e5b5a7f3c0f0fe283e4b0b", [tag: "v2.0"]},
  "ranch": {:git, "git://github.com/extend/ranch.git", "5df1f222f94e08abdcab7084f5e13027143cc222", [ref: "0.9.0"]}}
